# THIS IS AN AUTOGENERATED FILE. DO NOT EDIT THIS FILE DIRECTLY.
# yarn lockfile v1


d@1:
  version "1.0.0"
  resolved "http://registry.npm.taobao.org/d/download/d-1.0.0.tgz#754bb5bfe55451da69a58b94d45f4c5b0462d58f"
  dependencies:
    es5-ext "^0.10.9"

es5-ext@^0.10.14, es5-ext@^0.10.9, es5-ext@~0.10.14:
  version "0.10.30"
  resolved "http://registry.npm.taobao.org/es5-ext/download/es5-ext-0.10.30.tgz#7141a16836697dbabfaaaeee41495ce29f52c939"
  dependencies:
    es6-iterator "2"
    es6-symbol "~3.1"

es6-iterator@2:
  version "2.0.1"
  resolved "http://registry.npm.taobao.org/es6-iterator/download/es6-iterator-2.0.1.tgz#8e319c9f0453bf575d374940a655920e59ca5512"
  dependencies:
    d "1"
    es5-ext "^0.10.14"
    es6-symbol "^3.1"

es6-symbol@^3.1, es6-symbol@^3.1.1, es6-symbol@~3.1:
  version "3.1.1"
  resolved "http://registry.npm.taobao.org/es6-symbol/download/es6-symbol-3.1.1.tgz#bf00ef4fdab6ba1b46ecb7b629b4c7ed5715cc77"
  dependencies:
    d "1"
    es5-ext "~0.10.14"
